
Microsoft Visual Studio Solution File, Format Version 12.00
# Visual Studio Version 17
VisualStudioVersion = 17.0.32014.148
MinimumVisualStudioVersion = 10.0.40219.1
Project("{FAE04EC0-301F-11D3-BF4B-00C04F79EFBC}") = "MW Pagenation MVC DB", "MW Pagenation MVC DB\MW Pagenation MVC DB.csproj", "{CCA8CF28-49DA-4CBA-A4E9-6EF4EDEDC0EE}"
EndProject
Global
	GlobalSection(SolutionConfigurationPlatforms) = preSolution
		Debug|Any CPU = Debug|Any CPU
		Release|Any CPU = Release|Any CPU
	EndGlobalSection
	GlobalSection(ProjectConfigurationPlatforms) = postSolution
		{CCA8CF28-49DA-4CBA-A4E9-6EF4EDEDC0EE}.Debug|Any CPU.ActiveCfg = Debug|Any CPU
		{CCA8CF28-49DA-4CBA-A4E9-6EF4EDEDC0EE}.Debug|Any CPU.Build.0 = Debug|Any CPU
		{CCA8CF28-49DA-4CBA-A4E9-6EF4EDEDC0EE}.Release|Any CPU.ActiveCfg = Release|Any CPU
		{CCA8CF28-49DA-4CBA-A4E9-6EF4EDEDC0EE}.Release|Any CPU.Build.0 = Release|Any CPU
	EndGlobalSection
	GlobalSection(SolutionProperties) = preSolution
		HideSolutionNode = FALSE
	EndGlobalSection
	GlobalSection(ExtensibilityGlobals) = postSolution
		SolutionGuid = {A1188F4D-FC8E-41C7-A6B0-3935E5F3ED34}
	EndGlobalSection
EndGlobal
